
Microsoft Visual Studio Solution File, Format Version 12.00
# Visual Studio Version 17
VisualStudioVersion = 17.5.33424.131
MinimumVisualStudioVersion = 10.0.40219.1
Project("{FAE04EC0-301F-11D3-BF4B-00C04F79EFBC}") = "Napelemrendszer", "Napelemrendszer\Napelemrendszer.csproj", "{C71E9C37-342B-41D9-A124-85FB8F74E76F}"
EndProject
Global
	GlobalSection(SolutionConfigurationPlatforms) = preSolution
		Debug|Any CPU = Debug|Any CPU
		Release|Any CPU = Release|Any CPU
	EndGlobalSection
	GlobalSection(ProjectConfigurationPlatforms) = postSolution
		{C71E9C37-342B-41D9-A124-85FB8F74E76F}.Debug|Any CPU.ActiveCfg = Debug|Any CPU
		{C71E9C37-342B-41D9-A124-85FB8F74E76F}.Debug|Any CPU.Build.0 = Debug|Any CPU
		{C71E9C37-342B-41D9-A124-85FB8F74E76F}.Release|Any CPU.ActiveCfg = Release|Any CPU
		{C71E9C37-342B-41D9-A124-85FB8F74E76F}.Release|Any CPU.Build.0 = Release|Any CPU
	EndGlobalSection
	GlobalSection(SolutionProperties) = preSolution
		HideSolutionNode = FALSE
	EndGlobalSection
	GlobalSection(ExtensibilityGlobals) = postSolution
		SolutionGuid = {BC38D4CB-47F8-4698-AF5C-9732102D7592}
	EndGlobalSection
EndGlobal
